
Microsoft Visual Studio Solution File, Format Version 12.00
# Visual Studio Version 17
VisualStudioVersion = 17.12.35707.178 d17.12
MinimumVisualStudioVersion = 10.0.40219.1
Project("{2150E333-8FDC-42A3-9474-1A3956D46DE8}") = "Solution Items", "Solution Items", "{043C0CBA-7FEB-4187-9682-2A60C01A2F7E}"
	ProjectSection(SolutionItems) = preProject
		.editorconfig = .editorconfig
		.gitignore = .gitignore
		Directory.Build.props = Directory.Build.props
		README.md = README.md
		LICENSE = LICENSE
		Evently.sln = Evently.sln
	EndProjectSection
EndProject
Project("{2150E333-8FDC-42A3-9474-1A3956D46DE8}") = "src", "src", "{8F4EE78A-DA47-47B9-A0DD-35BF50E0D474}"
EndProject
Project("{2150E333-8FDC-42A3-9474-1A3956D46DE8}") = "API", "API", "{7AABDF28-93C1-43A3-9350-0F9EA72C81CC}"
EndProject
Project("{2150E333-8FDC-42A3-9474-1A3956D46DE8}") = "Modules", "Modules", "{E0ED7707-3891-4020-B3CB-26766D158382}"
EndProject
Project("{2150E333-8FDC-42A3-9474-1A3956D46DE8}") = "Events", "Events", "{DBEAB1AF-74E7-4FCE-A13F-FD071FB97168}"
EndProject
Project("{FAE04EC0-301F-11D3-BF4B-00C04F79EFBC}") = "Evently.Api", "src\API\Evently.Api\Evently.Api.csproj", "{6761C474-A54D-46F4-A8D9-79E1ACF5A91B}"
EndProject
Project("{E53339B2-1760-4266-BCC7-CA923CBCF16C}") = "docker-compose", "docker-compose.dcproj", "{11E25609-B065-406C-8E07-89B0E2CA144A}"
EndProject
Project("{FAE04EC0-301F-11D3-BF4B-00C04F79EFBC}") = "Evently.Modules.Events.Domain", "src\Modules\Events\Evently.Modules.Events.Domain\Evently.Modules.Events.Domain.csproj", "{C68F1F2A-816F-4ACA-9BA1-0B7B4140F5FB}"
EndProject
Project("{FAE04EC0-301F-11D3-BF4B-00C04F79EFBC}") = "Evently.Modules.Events.Application", "src\Modules\Events\Evently.Modules.Events.Application\Evently.Modules.Events.Application.csproj", "{E635748C-8C43-49B7-8FAC-EFF96F8C5CC2}"
EndProject
Project("{FAE04EC0-301F-11D3-BF4B-00C04F79EFBC}") = "Evently.Modules.Events.Infrastructure", "src\Modules\Events\Evently.Modules.Events.Infrastructure\Evently.Modules.Events.Infrastructure.csproj", "{857B5E73-3AC0-4CFF-8773-217F852980F8}"
EndProject
Project("{FAE04EC0-301F-11D3-BF4B-00C04F79EFBC}") = "Evently.Modules.Events.Presentation", "src\Modules\Events\Evently.Modules.Events.Presentation\Evently.Modules.Events.Presentation.csproj", "{498BA819-1EA0-44B2-B823-CFB9BD404D93}"
EndProject
Project("{2150E333-8FDC-42A3-9474-1A3956D46DE8}") = "Common", "Common", "{8EF59FA6-ADFC-47A0-B310-A7C13EDEDB6D}"
EndProject
Project("{FAE04EC0-301F-11D3-BF4B-00C04F79EFBC}") = "Evently.Common.Application", "src\Common\Evently.Common.Application\Evently.Common.Application.csproj", "{097EA5E9-119D-4694-9E6F-5D4FC094DEA3}"
EndProject
Project("{FAE04EC0-301F-11D3-BF4B-00C04F79EFBC}") = "Evently.Common.Domain", "src\Common\Evently.Common.Domain\Evently.Common.Domain.csproj", "{A46DFA80-712D-40E9-9366-A4A8A5665116}"
EndProject
Project("{FAE04EC0-301F-11D3-BF4B-00C04F79EFBC}") = "Evently.Common.Infrastructure", "src\Common\Evently.Common.Infrastructure\Evently.Common.Infrastructure.csproj", "{A150F55B-C554-4693-9115-62196ECD48FB}"
EndProject
Project("{FAE04EC0-301F-11D3-BF4B-00C04F79EFBC}") = "Evently.Common.Presentation", "src\Common\Evently.Common.Presentation\Evently.Common.Presentation.csproj", "{2B0772C1-1110-4380-85F9-9879CEAB038B}"
EndProject
Project("{2150E333-8FDC-42A3-9474-1A3956D46DE8}") = "Users", "Users", "{4C2B2B9E-52F7-47A5-8473-C58B899FB9B0}"
EndProject
Project("{FAE04EC0-301F-11D3-BF4B-00C04F79EFBC}") = "Evently.Modules.Users.Domain", "src\Modules\Users\Evently.Modules.Users.Domain\Evently.Modules.Users.Domain.csproj", "{D8AD4E43-C6AF-4E70-9E7B-3120A27769E5}"
EndProject
Project("{FAE04EC0-301F-11D3-BF4B-00C04F79EFBC}") = "Evently.Modules.Users.Application", "src\Modules\Users\Evently.Modules.Users.Application\Evently.Modules.Users.Application.csproj", "{40505EC1-B22F-4C98-8EFD-959E5BCC678E}"
EndProject
Project("{FAE04EC0-301F-11D3-BF4B-00C04F79EFBC}") = "Evently.Modules.Users.Infrastructure", "src\Modules\Users\Evently.Modules.Users.Infrastructure\Evently.Modules.Users.Infrastructure.csproj", "{6E3A594C-0ED0-4B0A-95EA-F68341CA728E}"
EndProject
Project("{FAE04EC0-301F-11D3-BF4B-00C04F79EFBC}") = "Evently.Modules.Users.Presentation", "src\Modules\Users\Evently.Modules.Users.Presentation\Evently.Modules.Users.Presentation.csproj", "{843626A4-8B42-4A9C-BAEC-D4A302C198E2}"
EndProject
Project("{2150E333-8FDC-42A3-9474-1A3956D46DE8}") = "Ticketing", "Ticketing", "{B2FDB6EE-DCEE-4A10-9A40-83B0AADC4816}"
EndProject
Project("{FAE04EC0-301F-11D3-BF4B-00C04F79EFBC}") = "Evently.Modules.Ticketing.Domain", "src\Modules\Ticketing\Evently.Modules.Ticketing.Domain\Evently.Modules.Ticketing.Domain.csproj", "{8A36E751-63FD-4437-9058-22F7BBC8435D}"
EndProject
Project("{FAE04EC0-301F-11D3-BF4B-00C04F79EFBC}") = "Evently.Modules.Ticketing.Application", "src\Modules\Ticketing\Evently.Modules.Ticketing.Application\Evently.Modules.Ticketing.Application.csproj", "{AAB29915-651F-4706-B0B8-8DA5411CB6A7}"
EndProject
Project("{FAE04EC0-301F-11D3-BF4B-00C04F79EFBC}") = "Evently.Modules.Ticketing.Infrastructure", "src\Modules\Ticketing\Evently.Modules.Ticketing.Infrastructure\Evently.Modules.Ticketing.Infrastructure.csproj", "{43FC23ED-30F2-42DE-9E98-C8E292D06122}"
EndProject
Project("{FAE04EC0-301F-11D3-BF4B-00C04F79EFBC}") = "Evently.Modules.Ticketing.Presentation", "src\Modules\Ticketing\Evently.Modules.Ticketing.Presentation\Evently.Modules.Ticketing.Presentation.csproj", "{F90864BB-F3A4-4304-A51D-6D5850A154D0}"
EndProject
Project("{FAE04EC0-301F-11D3-BF4B-00C04F79EFBC}") = "Evently.Modules.Users.IntegrationEvents", "src\Modules\Users\Evently.Modules.Users.IntegrationEvents\Evently.Modules.Users.IntegrationEvents.csproj", "{DDEBF9C4-F284-4433-9114-1AC4A1031A21}"
EndProject
Project("{2150E333-8FDC-42A3-9474-1A3956D46DE8}") = "Attendance", "Attendance", "{3C25FF63-CE2D-48A0-98ED-6F781AA2ABDB}"
EndProject
Project("{FAE04EC0-301F-11D3-BF4B-00C04F79EFBC}") = "Evently.Modules.Attendance.Domain", "src\Modules\Attendance\Evently.Modules.Attendance.Domain\Evently.Modules.Attendance.Domain.csproj", "{D278A63D-0494-45C1-A2EE-0316A09DA8EA}"
EndProject
Project("{FAE04EC0-301F-11D3-BF4B-00C04F79EFBC}") = "Evently.Modules.Ticketing.IntegrationEvents", "src\Modules\Ticketing\Evently.Modules.Ticketing.IntegrationEvents\Evently.Modules.Ticketing.IntegrationEvents.csproj", "{E332F63B-A26D-4B43-9691-6414678C360E}"
EndProject
Project("{FAE04EC0-301F-11D3-BF4B-00C04F79EFBC}") = "Evently.Modules.Events.IntegrationEvents", "src\Modules\Events\Evently.Modules.Events.IntegrationEvents\Evently.Modules.Events.IntegrationEvents.csproj", "{6FB77AA3-C9ED-4D16-8710-3BF7F6B55C3C}"
EndProject
Project("{FAE04EC0-301F-11D3-BF4B-00C04F79EFBC}") = "Evently.Modules.Attendance.Application", "src\Modules\Attendance\Evently.Modules.Attendance.Application\Evently.Modules.Attendance.Application.csproj", "{7C83BA85-0B99-4E10-B468-833D4A4197D9}"
EndProject
Project("{FAE04EC0-301F-11D3-BF4B-00C04F79EFBC}") = "Evently.Modules.Attendance.Infrastructure", "src\Modules\Attendance\Evently.Modules.Attendance.Infrastructure\Evently.Modules.Attendance.Infrastructure.csproj", "{B5893F18-4142-40AA-9E0A-E2FB2B2124DA}"
EndProject
Project("{FAE04EC0-301F-11D3-BF4B-00C04F79EFBC}") = "Evently.Modules.Attendance.Presentation", "src\Modules\Attendance\Evently.Modules.Attendance.Presentation\Evently.Modules.Attendance.Presentation.csproj", "{52AD0414-BC04-4BE9-859A-E612047FE2A9}"
EndProject
Project("{FAE04EC0-301F-11D3-BF4B-00C04F79EFBC}") = "Evently.Modules.Attendance.IntegrationEvents", "src\Modules\Attendance\Evently.Modules.Attendance.IntegrationEvents\Evently.Modules.Attendance.IntegrationEvents.csproj", "{31699CA3-320C-49D7-B0BC-11F1AF580AEC}"
EndProject
Global
	GlobalSection(SolutionConfigurationPlatforms) = preSolution
		Debug|Any CPU = Debug|Any CPU
		Release|Any CPU = Release|Any CPU
	EndGlobalSection
	GlobalSection(ProjectConfigurationPlatforms) = postSolution
		{6761C474-A54D-46F4-A8D9-79E1ACF5A91B}.Debug|Any CPU.ActiveCfg = Debug|Any CPU
		{6761C474-A54D-46F4-A8D9-79E1ACF5A91B}.Debug|Any CPU.Build.0 = Debug|Any CPU
		{6761C474-A54D-46F4-A8D9-79E1ACF5A91B}.Release|Any CPU.ActiveCfg = Release|Any CPU
		{6761C474-A54D-46F4-A8D9-79E1ACF5A91B}.Release|Any CPU.Build.0 = Release|Any CPU
		{11E25609-B065-406C-8E07-89B0E2CA144A}.Debug|Any CPU.ActiveCfg = Debug|Any CPU
		{11E25609-B065-406C-8E07-89B0E2CA144A}.Debug|Any CPU.Build.0 = Debug|Any CPU
		{11E25609-B065-406C-8E07-89B0E2CA144A}.Release|Any CPU.ActiveCfg = Release|Any CPU
		{11E25609-B065-406C-8E07-89B0E2CA144A}.Release|Any CPU.Build.0 = Release|Any CPU
		{C68F1F2A-816F-4ACA-9BA1-0B7B4140F5FB}.Debug|Any CPU.ActiveCfg = Debug|Any CPU
		{C68F1F2A-816F-4ACA-9BA1-0B7B4140F5FB}.Debug|Any CPU.Build.0 = Debug|Any CPU
		{C68F1F2A-816F-4ACA-9BA1-0B7B4140F5FB}.Release|Any CPU.ActiveCfg = Release|Any CPU
		{C68F1F2A-816F-4ACA-9BA1-0B7B4140F5FB}.Release|Any CPU.Build.0 = Release|Any CPU
		{E635748C-8C43-49B7-8FAC-EFF96F8C5CC2}.Debug|Any CPU.ActiveCfg = Debug|Any CPU
		{E635748C-8C43-49B7-8FAC-EFF96F8C5CC2}.Debug|Any CPU.Build.0 = Debug|Any CPU
		{E635748C-8C43-49B7-8FAC-EFF96F8C5CC2}.Release|Any CPU.ActiveCfg = Release|Any CPU
		{E635748C-8C43-49B7-8FAC-EFF96F8C5CC2}.Release|Any CPU.Build.0 = Release|Any CPU
		{857B5E73-3AC0-4CFF-8773-217F852980F8}.Debug|Any CPU.ActiveCfg = Debug|Any CPU
		{857B5E73-3AC0-4CFF-8773-217F852980F8}.Debug|Any CPU.Build.0 = Debug|Any CPU
		{857B5E73-3AC0-4CFF-8773-217F852980F8}.Release|Any CPU.ActiveCfg = Release|Any CPU
		{857B5E73-3AC0-4CFF-8773-217F852980F8}.Release|Any CPU.Build.0 = Release|Any CPU
		{498BA819-1EA0-44B2-B823-CFB9BD404D93}.Debug|Any CPU.ActiveCfg = Debug|Any CPU
		{498BA819-1EA0-44B2-B823-CFB9BD404D93}.Debug|Any CPU.Build.0 = Debug|Any CPU
		{498BA819-1EA0-44B2-B823-CFB9BD404D93}.Release|Any CPU.ActiveCfg = Release|Any CPU
		{498BA819-1EA0-44B2-B823-CFB9BD404D93}.Release|Any CPU.Build.0 = Release|Any CPU
		{097EA5E9-119D-4694-9E6F-5D4FC094DEA3}.Debug|Any CPU.ActiveCfg = Debug|Any CPU
		{097EA5E9-119D-4694-9E6F-5D4FC094DEA3}.Debug|Any CPU.Build.0 = Debug|Any CPU
		{097EA5E9-119D-4694-9E6F-5D4FC094DEA3}.Release|Any CPU.ActiveCfg = Release|Any CPU
		{097EA5E9-119D-4694-9E6F-5D4FC094DEA3}.Release|Any CPU.Build.0 = Release|Any CPU
		{A46DFA80-712D-40E9-9366-A4A8A5665116}.Debug|Any CPU.ActiveCfg = Debug|Any CPU
		{A46DFA80-712D-40E9-9366-A4A8A5665116}.Debug|Any CPU.Build.0 = Debug|Any CPU
		{A46DFA80-712D-40E9-9366-A4A8A5665116}.Release|Any CPU.ActiveCfg = Release|Any CPU
		{A46DFA80-712D-40E9-9366-A4A8A5665116}.Release|Any CPU.Build.0 = Release|Any CPU
		{A150F55B-C554-4693-9115-62196ECD48FB}.Debug|Any CPU.ActiveCfg = Debug|Any CPU
		{A150F55B-C554-4693-9115-62196ECD48FB}.Debug|Any CPU.Build.0 = Debug|Any CPU
		{A150F55B-C554-4693-9115-62196ECD48FB}.Release|Any CPU.ActiveCfg = Release|Any CPU
		{A150F55B-C554-4693-9115-62196ECD48FB}.Release|Any CPU.Build.0 = Release|Any CPU
		{2B0772C1-1110-4380-85F9-9879CEAB038B}.Debug|Any CPU.ActiveCfg = Debug|Any CPU
		{2B0772C1-1110-4380-85F9-9879CEAB038B}.Debug|Any CPU.Build.0 = Debug|Any CPU
		{2B0772C1-1110-4380-85F9-9879CEAB038B}.Release|Any CPU.ActiveCfg = Release|Any CPU
		{2B0772C1-1110-4380-85F9-9879CEAB038B}.Release|Any CPU.Build.0 = Release|Any CPU
		{D8AD4E43-C6AF-4E70-9E7B-3120A27769E5}.Debug|Any CPU.ActiveCfg = Debug|Any CPU
		{D8AD4E43-C6AF-4E70-9E7B-3120A27769E5}.Debug|Any CPU.Build.0 = Debug|Any CPU
		{D8AD4E43-C6AF-4E70-9E7B-3120A27769E5}.Release|Any CPU.ActiveCfg = Release|Any CPU
		{D8AD4E43-C6AF-4E70-9E7B-3120A27769E5}.Release|Any CPU.Build.0 = Release|Any CPU
		{40505EC1-B22F-4C98-8EFD-959E5BCC678E}.Debug|Any CPU.ActiveCfg = Debug|Any CPU
		{40505EC1-B22F-4C98-8EFD-959E5BCC678E}.Debug|Any CPU.Build.0 = Debug|Any CPU
		{40505EC1-B22F-4C98-8EFD-959E5BCC678E}.Release|Any CPU.ActiveCfg = Release|Any CPU
		{40505EC1-B22F-4C98-8EFD-959E5BCC678E}.Release|Any CPU.Build.0 = Release|Any CPU
		{6E3A594C-0ED0-4B0A-95EA-F68341CA728E}.Debug|Any CPU.ActiveCfg = Debug|Any CPU
		{6E3A594C-0ED0-4B0A-95EA-F68341CA728E}.Debug|Any CPU.Build.0 = Debug|Any CPU
		{6E3A594C-0ED0-4B0A-95EA-F68341CA728E}.Release|Any CPU.ActiveCfg = Release|Any CPU
		{6E3A594C-0ED0-4B0A-95EA-F68341CA728E}.Release|Any CPU.Build.0 = Release|Any CPU
		{843626A4-8B42-4A9C-BAEC-D4A302C198E2}.Debug|Any CPU.ActiveCfg = Debug|Any CPU
		{843626A4-8B42-4A9C-BAEC-D4A302C198E2}.Debug|Any CPU.Build.0 = Debug|Any CPU
		{843626A4-8B42-4A9C-BAEC-D4A302C198E2}.Release|Any CPU.ActiveCfg = Release|Any CPU
		{843626A4-8B42-4A9C-BAEC-D4A302C198E2}.Release|Any CPU.Build.0 = Release|Any CPU
		{8A36E751-63FD-4437-9058-22F7BBC8435D}.Debug|Any CPU.ActiveCfg = Debug|Any CPU
		{8A36E751-63FD-4437-9058-22F7BBC8435D}.Debug|Any CPU.Build.0 = Debug|Any CPU
		{8A36E751-63FD-4437-9058-22F7BBC8435D}.Release|Any CPU.ActiveCfg = Release|Any CPU
		{8A36E751-63FD-4437-9058-22F7BBC8435D}.Release|Any CPU.Build.0 = Release|Any CPU
		{AAB29915-651F-4706-B0B8-8DA5411CB6A7}.Debug|Any CPU.ActiveCfg = Debug|Any CPU
		{AAB29915-651F-4706-B0B8-8DA5411CB6A7}.Debug|Any CPU.Build.0 = Debug|Any CPU
		{AAB29915-651F-4706-B0B8-8DA5411CB6A7}.Release|Any CPU.ActiveCfg = Release|Any CPU
		{AAB29915-651F-4706-B0B8-8DA5411CB6A7}.Release|Any CPU.Build.0 = Release|Any CPU
		{43FC23ED-30F2-42DE-9E98-C8E292D06122}.Debug|Any CPU.ActiveCfg = Debug|Any CPU
		{43FC23ED-30F2-42DE-9E98-C8E292D06122}.Debug|Any CPU.Build.0 = Debug|Any CPU
		{43FC23ED-30F2-42DE-9E98-C8E292D06122}.Release|Any CPU.ActiveCfg = Release|Any CPU
		{43FC23ED-30F2-42DE-9E98-C8E292D06122}.Release|Any CPU.Build.0 = Release|Any CPU
		{F90864BB-F3A4-4304-A51D-6D5850A154D0}.Debug|Any CPU.ActiveCfg = Debug|Any CPU
		{F90864BB-F3A4-4304-A51D-6D5850A154D0}.Debug|Any CPU.Build.0 = Debug|Any CPU
		{F90864BB-F3A4-4304-A51D-6D5850A154D0}.Release|Any CPU.ActiveCfg = Release|Any CPU
		{F90864BB-F3A4-4304-A51D-6D5850A154D0}.Release|Any CPU.Build.0 = Release|Any CPU
		{DDEBF9C4-F284-4433-9114-1AC4A1031A21}.Debug|Any CPU.ActiveCfg = Debug|Any CPU
		{DDEBF9C4-F284-4433-9114-1AC4A1031A21}.Debug|Any CPU.Build.0 = Debug|Any CPU
		{DDEBF9C4-F284-4433-9114-1AC4A1031A21}.Release|Any CPU.ActiveCfg = Release|Any CPU
		{DDEBF9C4-F284-4433-9114-1AC4A1031A21}.Release|Any CPU.Build.0 = Release|Any CPU
		{D278A63D-0494-45C1-A2EE-0316A09DA8EA}.Debug|Any CPU.ActiveCfg = Debug|Any CPU
		{D278A63D-0494-45C1-A2EE-0316A09DA8EA}.Debug|Any CPU.Build.0 = Debug|Any CPU
		{D278A63D-0494-45C1-A2EE-0316A09DA8EA}.Release|Any CPU.ActiveCfg = Release|Any CPU
		{D278A63D-0494-45C1-A2EE-0316A09DA8EA}.Release|Any CPU.Build.0 = Release|Any CPU
		{E332F63B-A26D-4B43-9691-6414678C360E}.Debug|Any CPU.ActiveCfg = Debug|Any CPU
		{E332F63B-A26D-4B43-9691-6414678C360E}.Debug|Any CPU.Build.0 = Debug|Any CPU
		{E332F63B-A26D-4B43-9691-6414678C360E}.Release|Any CPU.ActiveCfg = Release|Any CPU
		{E332F63B-A26D-4B43-9691-6414678C360E}.Release|Any CPU.Build.0 = Release|Any CPU
		{6FB77AA3-C9ED-4D16-8710-3BF7F6B55C3C}.Debug|Any CPU.ActiveCfg = Debug|Any CPU
		{6FB77AA3-C9ED-4D16-8710-3BF7F6B55C3C}.Debug|Any CPU.Build.0 = Debug|Any CPU
		{6FB77AA3-C9ED-4D16-8710-3BF7F6B55C3C}.Release|Any CPU.ActiveCfg = Release|Any CPU
		{6FB77AA3-C9ED-4D16-8710-3BF7F6B55C3C}.Release|Any CPU.Build.0 = Release|Any CPU
		{7C83BA85-0B99-4E10-B468-833D4A4197D9}.Debug|Any CPU.ActiveCfg = Debug|Any CPU
		{7C83BA85-0B99-4E10-B468-833D4A4197D9}.Debug|Any CPU.Build.0 = Debug|Any CPU
		{7C83BA85-0B99-4E10-B468-833D4A4197D9}.Release|Any CPU.ActiveCfg = Release|Any CPU
		{7C83BA85-0B99-4E10-B468-833D4A4197D9}.Release|Any CPU.Build.0 = Release|Any CPU
		{B5893F18-4142-40AA-9E0A-E2FB2B2124DA}.Debug|Any CPU.ActiveCfg = Debug|Any CPU
		{B5893F18-4142-40AA-9E0A-E2FB2B2124DA}.Debug|Any CPU.Build.0 = Debug|Any CPU
		{B5893F18-4142-40AA-9E0A-E2FB2B2124DA}.Release|Any CPU.ActiveCfg = Release|Any CPU
		{B5893F18-4142-40AA-9E0A-E2FB2B2124DA}.Release|Any CPU.Build.0 = Release|Any CPU
		{52AD0414-BC04-4BE9-859A-E612047FE2A9}.Debug|Any CPU.ActiveCfg = Debug|Any CPU
		{52AD0414-BC04-4BE9-859A-E612047FE2A9}.Debug|Any CPU.Build.0 = Debug|Any CPU
		{52AD0414-BC04-4BE9-859A-E612047FE2A9}.Release|Any CPU.ActiveCfg = Release|Any CPU
		{52AD0414-BC04-4BE9-859A-E612047FE2A9}.Release|Any CPU.Build.0 = Release|Any CPU
		{31699CA3-320C-49D7-B0BC-11F1AF580AEC}.Debug|Any CPU.ActiveCfg = Debug|Any CPU
		{31699CA3-320C-49D7-B0BC-11F1AF580AEC}.Debug|Any CPU.Build.0 = Debug|Any CPU
		{31699CA3-320C-49D7-B0BC-11F1AF580AEC}.Release|Any CPU.ActiveCfg = Release|Any CPU
		{31699CA3-320C-49D7-B0BC-11F1AF580AEC}.Release|Any CPU.Build.0 = Release|Any CPU
	EndGlobalSection
	GlobalSection(SolutionProperties) = preSolution
		HideSolutionNode = FALSE
	EndGlobalSection
	GlobalSection(NestedProjects) = preSolution
		{7AABDF28-93C1-43A3-9350-0F9EA72C81CC} = {8F4EE78A-DA47-47B9-A0DD-35BF50E0D474}
		{E0ED7707-3891-4020-B3CB-26766D158382} = {8F4EE78A-DA47-47B9-A0DD-35BF50E0D474}
		{DBEAB1AF-74E7-4FCE-A13F-FD071FB97168} = {E0ED7707-3891-4020-B3CB-26766D158382}
		{6761C474-A54D-46F4-A8D9-79E1ACF5A91B} = {7AABDF28-93C1-43A3-9350-0F9EA72C81CC}
		{C68F1F2A-816F-4ACA-9BA1-0B7B4140F5FB} = {DBEAB1AF-74E7-4FCE-A13F-FD071FB97168}
		{E635748C-8C43-49B7-8FAC-EFF96F8C5CC2} = {DBEAB1AF-74E7-4FCE-A13F-FD071FB97168}
		{857B5E73-3AC0-4CFF-8773-217F852980F8} = {DBEAB1AF-74E7-4FCE-A13F-FD071FB97168}
		{498BA819-1EA0-44B2-B823-CFB9BD404D93} = {DBEAB1AF-74E7-4FCE-A13F-FD071FB97168}
		{8EF59FA6-ADFC-47A0-B310-A7C13EDEDB6D} = {8F4EE78A-DA47-47B9-A0DD-35BF50E0D474}
		{097EA5E9-119D-4694-9E6F-5D4FC094DEA3} = {8EF59FA6-ADFC-47A0-B310-A7C13EDEDB6D}
		{A46DFA80-712D-40E9-9366-A4A8A5665116} = {8EF59FA6-ADFC-47A0-B310-A7C13EDEDB6D}
		{A150F55B-C554-4693-9115-62196ECD48FB} = {8EF59FA6-ADFC-47A0-B310-A7C13EDEDB6D}
		{2B0772C1-1110-4380-85F9-9879CEAB038B} = {8EF59FA6-ADFC-47A0-B310-A7C13EDEDB6D}
		{4C2B2B9E-52F7-47A5-8473-C58B899FB9B0} = {E0ED7707-3891-4020-B3CB-26766D158382}
		{D8AD4E43-C6AF-4E70-9E7B-3120A27769E5} = {4C2B2B9E-52F7-47A5-8473-C58B899FB9B0}
		{40505EC1-B22F-4C98-8EFD-959E5BCC678E} = {4C2B2B9E-52F7-47A5-8473-C58B899FB9B0}
		{6E3A594C-0ED0-4B0A-95EA-F68341CA728E} = {4C2B2B9E-52F7-47A5-8473-C58B899FB9B0}
		{843626A4-8B42-4A9C-BAEC-D4A302C198E2} = {4C2B2B9E-52F7-47A5-8473-C58B899FB9B0}
		{B2FDB6EE-DCEE-4A10-9A40-83B0AADC4816} = {E0ED7707-3891-4020-B3CB-26766D158382}
		{8A36E751-63FD-4437-9058-22F7BBC8435D} = {B2FDB6EE-DCEE-4A10-9A40-83B0AADC4816}
		{AAB29915-651F-4706-B0B8-8DA5411CB6A7} = {B2FDB6EE-DCEE-4A10-9A40-83B0AADC4816}
		{43FC23ED-30F2-42DE-9E98-C8E292D06122} = {B2FDB6EE-DCEE-4A10-9A40-83B0AADC4816}
		{F90864BB-F3A4-4304-A51D-6D5850A154D0} = {B2FDB6EE-DCEE-4A10-9A40-83B0AADC4816}
		{DDEBF9C4-F284-4433-9114-1AC4A1031A21} = {4C2B2B9E-52F7-47A5-8473-C58B899FB9B0}
		{3C25FF63-CE2D-48A0-98ED-6F781AA2ABDB} = {E0ED7707-3891-4020-B3CB-26766D158382}
		{D278A63D-0494-45C1-A2EE-0316A09DA8EA} = {3C25FF63-CE2D-48A0-98ED-6F781AA2ABDB}
		{E332F63B-A26D-4B43-9691-6414678C360E} = {B2FDB6EE-DCEE-4A10-9A40-83B0AADC4816}
		{6FB77AA3-C9ED-4D16-8710-3BF7F6B55C3C} = {DBEAB1AF-74E7-4FCE-A13F-FD071FB97168}
		{7C83BA85-0B99-4E10-B468-833D4A4197D9} = {3C25FF63-CE2D-48A0-98ED-6F781AA2ABDB}
		{B5893F18-4142-40AA-9E0A-E2FB2B2124DA} = {3C25FF63-CE2D-48A0-98ED-6F781AA2ABDB}
		{52AD0414-BC04-4BE9-859A-E612047FE2A9} = {3C25FF63-CE2D-48A0-98ED-6F781AA2ABDB}
		{31699CA3-320C-49D7-B0BC-11F1AF580AEC} = {3C25FF63-CE2D-48A0-98ED-6F781AA2ABDB}
	EndGlobalSection
EndGlobal
