
Microsoft Visual Studio Solution File, Format Version 12.00
# Visual Studio Version 17
VisualStudioVersion = 17.12.35707.178 d17.12
MinimumVisualStudioVersion = 10.0.40219.1
Project("{2150E333-8FDC-42A3-9474-1A3956D46DE8}") = "Solution Items", "Solution Items", "{043C0CBA-7FEB-4187-9682-2A60C01A2F7E}"
	ProjectSection(SolutionItems) = preProject
		.editorconfig = .editorconfig
		.gitignore = .gitignore
		Directory.Build.props = Directory.Build.props
		README.md = README.md
		LICENSE = LICENSE
	EndProjectSection
EndProject
Project("{2150E333-8FDC-42A3-9474-1A3956D46DE8}") = "src", "src", "{8F4EE78A-DA47-47B9-A0DD-35BF50E0D474}"
EndProject
Project("{2150E333-8FDC-42A3-9474-1A3956D46DE8}") = "API", "API", "{7AABDF28-93C1-43A3-9350-0F9EA72C81CC}"
EndProject
Project("{2150E333-8FDC-42A3-9474-1A3956D46DE8}") = "Modules", "Modules", "{E0ED7707-3891-4020-B3CB-26766D158382}"
EndProject
Project("{2150E333-8FDC-42A3-9474-1A3956D46DE8}") = "Events", "Events", "{DBEAB1AF-74E7-4FCE-A13F-FD071FB97168}"
EndProject
Project("{FAE04EC0-301F-11D3-BF4B-00C04F79EFBC}") = "Evently.Api", "src\API\Evently.Api\Evently.Api.csproj", "{6761C474-A54D-46F4-A8D9-79E1ACF5A91B}"
EndProject
Project("{E53339B2-1760-4266-BCC7-CA923CBCF16C}") = "docker-compose", "docker-compose.dcproj", "{11E25609-B065-406C-8E07-89B0E2CA144A}"
EndProject
Project("{FAE04EC0-301F-11D3-BF4B-00C04F79EFBC}") = "Evently.Modules.Events.Domain", "src\Modules\Events\Evently.Modules.Events.Domain\Evently.Modules.Events.Domain.csproj", "{C68F1F2A-816F-4ACA-9BA1-0B7B4140F5FB}"
EndProject
Project("{FAE04EC0-301F-11D3-BF4B-00C04F79EFBC}") = "Evently.Modules.Events.Application", "src\Modules\Events\Evently.Modules.Events.Application\Evently.Modules.Events.Application.csproj", "{E635748C-8C43-49B7-8FAC-EFF96F8C5CC2}"
EndProject
Project("{FAE04EC0-301F-11D3-BF4B-00C04F79EFBC}") = "Evently.Modules.Events.Infrastructure", "src\Modules\Events\Evently.Modules.Events.Infrastructure\Evently.Modules.Events.Infrastructure.csproj", "{857B5E73-3AC0-4CFF-8773-217F852980F8}"
EndProject
Project("{FAE04EC0-301F-11D3-BF4B-00C04F79EFBC}") = "Evently.Modules.Events.Presentation", "src\Modules\Events\Evently.Modules.Events.Presentation\Evently.Modules.Events.Presentation.csproj", "{498BA819-1EA0-44B2-B823-CFB9BD404D93}"
EndProject
Project("{2150E333-8FDC-42A3-9474-1A3956D46DE8}") = "Common", "Common", "{8EF59FA6-ADFC-47A0-B310-A7C13EDEDB6D}"
EndProject
Project("{FAE04EC0-301F-11D3-BF4B-00C04F79EFBC}") = "Evently.Common.Application", "src\Common\Evently.Common.Application\Evently.Common.Application.csproj", "{097EA5E9-119D-4694-9E6F-5D4FC094DEA3}"
EndProject
Project("{FAE04EC0-301F-11D3-BF4B-00C04F79EFBC}") = "Evently.Common.Domain", "src\Common\Evently.Common.Domain\Evently.Common.Domain.csproj", "{A46DFA80-712D-40E9-9366-A4A8A5665116}"
EndProject
Project("{FAE04EC0-301F-11D3-BF4B-00C04F79EFBC}") = "Evently.Common.Infrastructure", "src\Common\Evently.Common.Infrastructure\Evently.Common.Infrastructure.csproj", "{A150F55B-C554-4693-9115-62196ECD48FB}"
EndProject
Project("{FAE04EC0-301F-11D3-BF4B-00C04F79EFBC}") = "Evently.Common.Presentation", "src\Common\Evently.Common.Presentation\Evently.Common.Presentation.csproj", "{2B0772C1-1110-4380-85F9-9879CEAB038B}"
EndProject
Global
	GlobalSection(SolutionConfigurationPlatforms) = preSolution
		Debug|Any CPU = Debug|Any CPU
		Release|Any CPU = Release|Any CPU
	EndGlobalSection
	GlobalSection(ProjectConfigurationPlatforms) = postSolution
		{6761C474-A54D-46F4-A8D9-79E1ACF5A91B}.Debug|Any CPU.ActiveCfg = Debug|Any CPU
		{6761C474-A54D-46F4-A8D9-79E1ACF5A91B}.Debug|Any CPU.Build.0 = Debug|Any CPU
		{6761C474-A54D-46F4-A8D9-79E1ACF5A91B}.Release|Any CPU.ActiveCfg = Release|Any CPU
		{6761C474-A54D-46F4-A8D9-79E1ACF5A91B}.Release|Any CPU.Build.0 = Release|Any CPU
		{11E25609-B065-406C-8E07-89B0E2CA144A}.Debug|Any CPU.ActiveCfg = Debug|Any CPU
		{11E25609-B065-406C-8E07-89B0E2CA144A}.Debug|Any CPU.Build.0 = Debug|Any CPU
		{11E25609-B065-406C-8E07-89B0E2CA144A}.Release|Any CPU.ActiveCfg = Release|Any CPU
		{11E25609-B065-406C-8E07-89B0E2CA144A}.Release|Any CPU.Build.0 = Release|Any CPU
		{C68F1F2A-816F-4ACA-9BA1-0B7B4140F5FB}.Debug|Any CPU.ActiveCfg = Debug|Any CPU
		{C68F1F2A-816F-4ACA-9BA1-0B7B4140F5FB}.Debug|Any CPU.Build.0 = Debug|Any CPU
		{C68F1F2A-816F-4ACA-9BA1-0B7B4140F5FB}.Release|Any CPU.ActiveCfg = Release|Any CPU
		{C68F1F2A-816F-4ACA-9BA1-0B7B4140F5FB}.Release|Any CPU.Build.0 = Release|Any CPU
		{E635748C-8C43-49B7-8FAC-EFF96F8C5CC2}.Debug|Any CPU.ActiveCfg = Debug|Any CPU
		{E635748C-8C43-49B7-8FAC-EFF96F8C5CC2}.Debug|Any CPU.Build.0 = Debug|Any CPU
		{E635748C-8C43-49B7-8FAC-EFF96F8C5CC2}.Release|Any CPU.ActiveCfg = Release|Any CPU
		{E635748C-8C43-49B7-8FAC-EFF96F8C5CC2}.Release|Any CPU.Build.0 = Release|Any CPU
		{857B5E73-3AC0-4CFF-8773-217F852980F8}.Debug|Any CPU.ActiveCfg = Debug|Any CPU
		{857B5E73-3AC0-4CFF-8773-217F852980F8}.Debug|Any CPU.Build.0 = Debug|Any CPU
		{857B5E73-3AC0-4CFF-8773-217F852980F8}.Release|Any CPU.ActiveCfg = Release|Any CPU
		{857B5E73-3AC0-4CFF-8773-217F852980F8}.Release|Any CPU.Build.0 = Release|Any CPU
		{498BA819-1EA0-44B2-B823-CFB9BD404D93}.Debug|Any CPU.ActiveCfg = Debug|Any CPU
		{498BA819-1EA0-44B2-B823-CFB9BD404D93}.Debug|Any CPU.Build.0 = Debug|Any CPU
		{498BA819-1EA0-44B2-B823-CFB9BD404D93}.Release|Any CPU.ActiveCfg = Release|Any CPU
		{498BA819-1EA0-44B2-B823-CFB9BD404D93}.Release|Any CPU.Build.0 = Release|Any CPU
		{097EA5E9-119D-4694-9E6F-5D4FC094DEA3}.Debug|Any CPU.ActiveCfg = Debug|Any CPU
		{097EA5E9-119D-4694-9E6F-5D4FC094DEA3}.Debug|Any CPU.Build.0 = Debug|Any CPU
		{097EA5E9-119D-4694-9E6F-5D4FC094DEA3}.Release|Any CPU.ActiveCfg = Release|Any CPU
		{097EA5E9-119D-4694-9E6F-5D4FC094DEA3}.Release|Any CPU.Build.0 = Release|Any CPU
		{A46DFA80-712D-40E9-9366-A4A8A5665116}.Debug|Any CPU.ActiveCfg = Debug|Any CPU
		{A46DFA80-712D-40E9-9366-A4A8A5665116}.Debug|Any CPU.Build.0 = Debug|Any CPU
		{A46DFA80-712D-40E9-9366-A4A8A5665116}.Release|Any CPU.ActiveCfg = Release|Any CPU
		{A46DFA80-712D-40E9-9366-A4A8A5665116}.Release|Any CPU.Build.0 = Release|Any CPU
		{A150F55B-C554-4693-9115-62196ECD48FB}.Debug|Any CPU.ActiveCfg = Debug|Any CPU
		{A150F55B-C554-4693-9115-62196ECD48FB}.Debug|Any CPU.Build.0 = Debug|Any CPU
		{A150F55B-C554-4693-9115-62196ECD48FB}.Release|Any CPU.ActiveCfg = Release|Any CPU
		{A150F55B-C554-4693-9115-62196ECD48FB}.Release|Any CPU.Build.0 = Release|Any CPU
		{2B0772C1-1110-4380-85F9-9879CEAB038B}.Debug|Any CPU.ActiveCfg = Debug|Any CPU
		{2B0772C1-1110-4380-85F9-9879CEAB038B}.Debug|Any CPU.Build.0 = Debug|Any CPU
		{2B0772C1-1110-4380-85F9-9879CEAB038B}.Release|Any CPU.ActiveCfg = Release|Any CPU
		{2B0772C1-1110-4380-85F9-9879CEAB038B}.Release|Any CPU.Build.0 = Release|Any CPU
	EndGlobalSection
	GlobalSection(SolutionProperties) = preSolution
		HideSolutionNode = FALSE
	EndGlobalSection
	GlobalSection(NestedProjects) = preSolution
		{7AABDF28-93C1-43A3-9350-0F9EA72C81CC} = {8F4EE78A-DA47-47B9-A0DD-35BF50E0D474}
		{E0ED7707-3891-4020-B3CB-26766D158382} = {8F4EE78A-DA47-47B9-A0DD-35BF50E0D474}
		{DBEAB1AF-74E7-4FCE-A13F-FD071FB97168} = {E0ED7707-3891-4020-B3CB-26766D158382}
		{6761C474-A54D-46F4-A8D9-79E1ACF5A91B} = {7AABDF28-93C1-43A3-9350-0F9EA72C81CC}
		{C68F1F2A-816F-4ACA-9BA1-0B7B4140F5FB} = {DBEAB1AF-74E7-4FCE-A13F-FD071FB97168}
		{E635748C-8C43-49B7-8FAC-EFF96F8C5CC2} = {DBEAB1AF-74E7-4FCE-A13F-FD071FB97168}
		{857B5E73-3AC0-4CFF-8773-217F852980F8} = {DBEAB1AF-74E7-4FCE-A13F-FD071FB97168}
		{498BA819-1EA0-44B2-B823-CFB9BD404D93} = {DBEAB1AF-74E7-4FCE-A13F-FD071FB97168}
		{8EF59FA6-ADFC-47A0-B310-A7C13EDEDB6D} = {8F4EE78A-DA47-47B9-A0DD-35BF50E0D474}
		{097EA5E9-119D-4694-9E6F-5D4FC094DEA3} = {8EF59FA6-ADFC-47A0-B310-A7C13EDEDB6D}
		{A46DFA80-712D-40E9-9366-A4A8A5665116} = {8EF59FA6-ADFC-47A0-B310-A7C13EDEDB6D}
		{A150F55B-C554-4693-9115-62196ECD48FB} = {8EF59FA6-ADFC-47A0-B310-A7C13EDEDB6D}
		{2B0772C1-1110-4380-85F9-9879CEAB038B} = {8EF59FA6-ADFC-47A0-B310-A7C13EDEDB6D}
	EndGlobalSection
EndGlobal
